<Solution>
  <Folder Name="/src/" />
  <Folder Name="/src/API/" />
  <Folder Name="/src/Core/">
    <Project Path="HR.LeaveManagement.Application/HR.LeaveManagement.Application.csproj" />
    <Project Path="HR.LeaveManagement.Domain/HR.LeaveManagement.Domain.csproj" />
  </Folder>
  <Folder Name="/src/Infrastructure/" />
  <Folder Name="/src/UI/" />
  <Folder Name="/tests/" />
</Solution>
